
Microsoft Visual Studio Solution File, Format Version 12.00
# Visual Studio Version 16
VisualStudioVersion = 16.0.31424.327
MinimumVisualStudioVersion = 10.0.40219.1
Project("{FAE04EC0-301F-11D3-BF4B-00C04F79EFBC}") = "clinica", "clinica\clinica.csproj", "{17E6E982-C500-4B1C-BEBA-2830E8E2F4DB}"
EndProject
Project("{54435603-DBB4-11D2-8724-00A0C9A8B90C}") = "clinicaInstaller", "clinicaInstaller\clinicaInstaller.vdproj", "{852FC67F-E1A4-4554-804B-DB190C003643}"
EndProject
Global
	GlobalSection(SolutionConfigurationPlatforms) = preSolution
		Debug|Any CPU = Debug|Any CPU
		Release|Any CPU = Release|Any CPU
	EndGlobalSection
	GlobalSection(ProjectConfigurationPlatforms) = postSolution
		{17E6E982-C500-4B1C-BEBA-2830E8E2F4DB}.Debug|Any CPU.ActiveCfg = Release|Any CPU
		{17E6E982-C500-4B1C-BEBA-2830E8E2F4DB}.Debug|Any CPU.Build.0 = Release|Any CPU
		{17E6E982-C500-4B1C-BEBA-2830E8E2F4DB}.Release|Any CPU.ActiveCfg = Release|Any CPU
		{17E6E982-C500-4B1C-BEBA-2830E8E2F4DB}.Release|Any CPU.Build.0 = Release|Any CPU
		{852FC67F-E1A4-4554-804B-DB190C003643}.Debug|Any CPU.ActiveCfg = Debug
		{852FC67F-E1A4-4554-804B-DB190C003643}.Release|Any CPU.ActiveCfg = Release
	EndGlobalSection
	GlobalSection(SolutionProperties) = preSolution
		HideSolutionNode = FALSE
	EndGlobalSection
	GlobalSection(ExtensibilityGlobals) = postSolution
		SolutionGuid = {551729DC-F1E9-4D77-90B4-1ED7A4F4D071}
	EndGlobalSection
EndGlobal
